
Microsoft Visual Studio Solution File, Format Version 11.00
# Visual Studio 2010
Project("{F184B08F-C81C-45F6-A57F-5ABD9991F28F}") = "wfa3", "wfa3\wfa3.vbproj", "{3125B1BF-D4E9-450B-B91E-313D27EC7265}"
EndProject
Global
	GlobalSection(SolutionConfigurationPlatforms) = preSolution
		Debug|x86 = Debug|x86
		Release|x86 = Release|x86
	EndGlobalSection
	GlobalSection(ProjectConfigurationPlatforms) = postSolution
		{3125B1BF-D4E9-450B-B91E-313D27EC7265}.Debug|x86.ActiveCfg = Debug|x86
		{3125B1BF-D4E9-450B-B91E-313D27EC7265}.Debug|x86.Build.0 = Debug|x86
		{3125B1BF-D4E9-450B-B91E-313D27EC7265}.Release|x86.ActiveCfg = Release|x86
		{3125B1BF-D4E9-450B-B91E-313D27EC7265}.Release|x86.Build.0 = Release|x86
	EndGlobalSection
	GlobalSection(SolutionProperties) = preSolution
		HideSolutionNode = FALSE
	EndGlobalSection
EndGlobal
